
Microsoft Visual Studio Solution File, Format Version 9.00
# Visual Studio 2005
Project("{8BC9CEB8-8B4A-11D0-8D11-00A0C91BC942}") = "ADO Sample", "ADO Sample.vcproj", "{0B180F60-6C67-4A8A-BB7C-E9A1EE623A3F}"
EndProject
Global
	GlobalSection(SolutionConfigurationPlatforms) = preSolution
		Debug|Win32 = Debug|Win32
		Release|Win32 = Release|Win32
		UNICODE Debug|Win32 = UNICODE Debug|Win32
		UNICODE Release|Win32 = UNICODE Release|Win32
	EndGlobalSection
	GlobalSection(ProjectConfigurationPlatforms) = postSolution
		{0B180F60-6C67-4A8A-BB7C-E9A1EE623A3F}.Debug|Win32.ActiveCfg = Debug|Win32
		{0B180F60-6C67-4A8A-BB7C-E9A1EE623A3F}.Debug|Win32.Build.0 = Debug|Win32
		{0B180F60-6C67-4A8A-BB7C-E9A1EE623A3F}.Release|Win32.ActiveCfg = Release|Win32
		{0B180F60-6C67-4A8A-BB7C-E9A1EE623A3F}.Release|Win32.Build.0 = Release|Win32
		{0B180F60-6C67-4A8A-BB7C-E9A1EE623A3F}.UNICODE Debug|Win32.ActiveCfg = UNICODE Debug|Win32
		{0B180F60-6C67-4A8A-BB7C-E9A1EE623A3F}.UNICODE Debug|Win32.Build.0 = UNICODE Debug|Win32
		{0B180F60-6C67-4A8A-BB7C-E9A1EE623A3F}.UNICODE Release|Win32.ActiveCfg = UNICODE Release|Win32
		{0B180F60-6C67-4A8A-BB7C-E9A1EE623A3F}.UNICODE Release|Win32.Build.0 = UNICODE Release|Win32
	EndGlobalSection
	GlobalSection(SolutionProperties) = preSolution
		HideSolutionNode = FALSE
	EndGlobalSection
EndGlobal
