Microsoft Visual Studio Solution File, Format Version 9.00
# Visual Studio 2005
Project("{8BC9CEB8-8B4A-11D0-8D11-00A0C91BC942}") = "Code3", "Code3.vcproj", "{0D3C14B8-C35A-445E-B89F-F271D4C7241E}"
EndProject
Global
	GlobalSection(SolutionConfigurationPlatforms) = preSolution
		Debug|Win32 = Debug|Win32
		Release|Win32 = Release|Win32
	EndGlobalSection
	GlobalSection(ProjectConfigurationPlatforms) = postSolution
		{0D3C14B8-C35A-445E-B89F-F271D4C7241E}.Debug|Win32.ActiveCfg = Debug|Win32
		{0D3C14B8-C35A-445E-B89F-F271D4C7241E}.Debug|Win32.Build.0 = Debug|Win32
		{0D3C14B8-C35A-445E-B89F-F271D4C7241E}.Release|Win32.ActiveCfg = Release|Win32
		{0D3C14B8-C35A-445E-B89F-F271D4C7241E}.Release|Win32.Build.0 = Release|Win32
	EndGlobalSection
	GlobalSection(SolutionProperties) = preSolution
		HideSolutionNode = FALSE
	EndGlobalSection
EndGlobal
