
Microsoft Visual Studio Solution File, Format Version 9.00
# Visual Studio 2005
Project("{8BC9CEB8-8B4A-11D0-8D11-00A0C91BC942}") = "Basic", "..\Basic\Ex1.vcproj", "{B6CD8DFC-E393-4270-A01F-2E439326B00E}"
EndProject
Project("{8BC9CEB8-8B4A-11D0-8D11-00A0C91BC942}") = "BasicDlg", "..\BasicDlg\Ex3.vcproj", "{0C1F28A7-DEAC-455F-8CF8-FB2EE6AE70F7}"
EndProject
Project("{8BC9CEB8-8B4A-11D0-8D11-00A0C91BC942}") = "BasicMDI", "..\BasicMDI\Ex2.vcproj", "{51CCBD7E-EB11-44FE-93A9-85E8E8D9FC3C}"
EndProject
Project("{8BC9CEB8-8B4A-11D0-8D11-00A0C91BC942}") = "Bitmaps", "..\Bitmaps\Ex30.vcproj", "{6EBC9C0C-250E-42E2-89D5-24F973187B33}"
EndProject
Project("{8BC9CEB8-8B4A-11D0-8D11-00A0C91BC942}") = "BlstcScrl", "..\blstcScrl\Ex26.vcproj", "{67BF53D0-7E5A-42A7-B921-17ECF6164CBD}"
EndProject
Project("{8BC9CEB8-8B4A-11D0-8D11-00A0C91BC942}") = "Cell Properties", "..\Cell Properties\Cell Properties.vcproj", "{B75BBCC1-9D8A-40B8-9313-C63CF098846E}"
EndProject
Project("{8BC9CEB8-8B4A-11D0-8D11-00A0C91BC942}") = "Checklist", "..\Checklist\Checklist.vcproj", "{BD2415B9-A086-48CE-95B1-CFCA772ED814}"
EndProject
Project("{8BC9CEB8-8B4A-11D0-8D11-00A0C91BC942}") = "ColDef", "..\ColDef\Ex5.vcproj", "{BE08F03D-6E90-42BA-B078-E35274821897}"
EndProject
Project("{8BC9CEB8-8B4A-11D0-8D11-00A0C91BC942}") = "DaoDlg", "..\DAODlg\dao2.vcproj", "{CD5E9B9C-502F-43EE-BD89-B3BF26376972}"
EndProject
Project("{8BC9CEB8-8B4A-11D0-8D11-00A0C91BC942}") = "Features", "..\Features\Features.vcproj", "{7F914DC8-E046-4CEF-AF28-C3AB6E8F1F06}"
EndProject
Project("{8BC9CEB8-8B4A-11D0-8D11-00A0C91BC942}") = "GetCellIndrct", "..\GetCellIndrct\Ex7.vcproj", "{85BF7EBA-029F-44D5-A6C7-9AF44647B71F}"
EndProject
Project("{8BC9CEB8-8B4A-11D0-8D11-00A0C91BC942}") = "Headings", "..\Headings\Ex16.vcproj", "{2B241B49-6DB9-47AB-AD84-80BAC7E00123}"
EndProject
Project("{8BC9CEB8-8B4A-11D0-8D11-00A0C91BC942}") = "InsrtDel", "..\InsrtDel\Ex12.vcproj", "{6B7AD6C2-2636-483D-AEBE-0C84171A09DE}"
EndProject
Project("{8BC9CEB8-8B4A-11D0-8D11-00A0C91BC942}") = "MaskEdit", "..\MaskEdit\Code3.vcproj", "{0D3C14B8-C35A-445E-B89F-F271D4C7241E}"
EndProject
Project("{8BC9CEB8-8B4A-11D0-8D11-00A0C91BC942}") = "Notify", "..\Notify\Ex14.vcproj", "{714F47AD-8BB7-47E5-A23C-B972FC565D23}"
EndProject
Project("{8BC9CEB8-8B4A-11D0-8D11-00A0C91BC942}") = "ODBCEx", "..\ODBCEx\Ex11.vcproj", "{FC9AB237-415D-44A5-9D60-9185B4231161}"
EndProject
Project("{8BC9CEB8-8B4A-11D0-8D11-00A0C91BC942}") = "Overlap", "..\Overlap\EX18.vcproj", "{66A264E3-07C8-4B27-A7A8-1EF40ED945F2}"
EndProject
Project("{8BC9CEB8-8B4A-11D0-8D11-00A0C91BC942}") = "Printing", "..\Printing\Ex21.vcproj", "{3D39B00C-6355-491C-B0C3-BBF261BCEBE5}"
EndProject
Project("{8BC9CEB8-8B4A-11D0-8D11-00A0C91BC942}") = "PropPage", "..\PropPage\Ex22.vcproj", "{DFE35482-F028-41D0-AFD2-9C69E1C83FAE}"
EndProject
Project("{8BC9CEB8-8B4A-11D0-8D11-00A0C91BC942}") = "QuickSet", "..\QuickSet\Ex28.vcproj", "{FB68237D-5916-495A-85C4-CDF4A50AB621}"
EndProject
Project("{8BC9CEB8-8B4A-11D0-8D11-00A0C91BC942}") = "RealTime", "..\RealTime\Ex6.vcproj", "{9BD9AFFE-B552-4A64-A3A0-194F25310275}"
EndProject
Project("{8BC9CEB8-8B4A-11D0-8D11-00A0C91BC942}") = "RowColLock", "..\RowColLock\Ex27.vcproj", "{E0E4FE9F-085F-40A9-B191-8D945669A6A4}"
EndProject
Project("{8BC9CEB8-8B4A-11D0-8D11-00A0C91BC942}") = "ScrollBar", "..\scrolBar\EX25.vcproj", "{35AD5177-1BD3-487B-B89C-1BCCF14D1C62}"
EndProject
Project("{8BC9CEB8-8B4A-11D0-8D11-00A0C91BC942}") = "Sizing", "..\Sizing\Ex13.vcproj", "{8C2B8FCF-E15E-408D-B4EC-918388D828D2}"
EndProject
Project("{8BC9CEB8-8B4A-11D0-8D11-00A0C91BC942}") = "Splitter", "..\Splitter\Splitter.vcproj", "{E1123C52-5124-48A6-B654-F0D94E8D9B3A}"
EndProject
Project("{8BC9CEB8-8B4A-11D0-8D11-00A0C91BC942}") = "Text", "..\Text\Text.vcproj", "{C235AB3F-9EA7-442E-A0DD-BD3A670C68C8}"
EndProject
Project("{8BC9CEB8-8B4A-11D0-8D11-00A0C91BC942}") = "Use UG DLL", "..\Use UG DLL\Use UG DLL.vcproj", "{A65126BA-4736-48AD-862F-6326D566859E}"
EndProject
Project("{8BC9CEB8-8B4A-11D0-8D11-00A0C91BC942}") = "Use UG Lib", "..\Use UG Lib\Use UG Lib.vcproj", "{D55EFAFD-C366-43FA-BCDC-0CCCE2DF04C8}"
EndProject
Global
	GlobalSection(SolutionConfigurationPlatforms) = preSolution
		Debug Unicode|Win32 = Debug Unicode|Win32
		Debug|Win32 = Debug|Win32
		Release Unicode|Win32 = Release Unicode|Win32
		Release|Win32 = Release|Win32
	EndGlobalSection
	GlobalSection(ProjectConfigurationPlatforms) = postSolution
		{B6CD8DFC-E393-4270-A01F-2E439326B00E}.Debug Unicode|Win32.ActiveCfg = Debug|Win32
		{B6CD8DFC-E393-4270-A01F-2E439326B00E}.Debug Unicode|Win32.Build.0 = Debug|Win32
		{B6CD8DFC-E393-4270-A01F-2E439326B00E}.Debug|Win32.ActiveCfg = Debug|Win32
		{B6CD8DFC-E393-4270-A01F-2E439326B00E}.Debug|Win32.Build.0 = Debug|Win32
		{B6CD8DFC-E393-4270-A01F-2E439326B00E}.Release Unicode|Win32.ActiveCfg = Release|Win32
		{B6CD8DFC-E393-4270-A01F-2E439326B00E}.Release Unicode|Win32.Build.0 = Release|Win32
		{B6CD8DFC-E393-4270-A01F-2E439326B00E}.Release|Win32.ActiveCfg = Release|Win32
		{B6CD8DFC-E393-4270-A01F-2E439326B00E}.Release|Win32.Build.0 = Release|Win32
		{0C1F28A7-DEAC-455F-8CF8-FB2EE6AE70F7}.Debug Unicode|Win32.ActiveCfg = Debug|Win32
		{0C1F28A7-DEAC-455F-8CF8-FB2EE6AE70F7}.Debug Unicode|Win32.Build.0 = Debug|Win32
		{0C1F28A7-DEAC-455F-8CF8-FB2EE6AE70F7}.Debug|Win32.ActiveCfg = Debug|Win32
		{0C1F28A7-DEAC-455F-8CF8-FB2EE6AE70F7}.Debug|Win32.Build.0 = Debug|Win32
		{0C1F28A7-DEAC-455F-8CF8-FB2EE6AE70F7}.Release Unicode|Win32.ActiveCfg = Release|Win32
		{0C1F28A7-DEAC-455F-8CF8-FB2EE6AE70F7}.Release Unicode|Win32.Build.0 = Release|Win32
		{0C1F28A7-DEAC-455F-8CF8-FB2EE6AE70F7}.Release|Win32.ActiveCfg = Release|Win32
		{0C1F28A7-DEAC-455F-8CF8-FB2EE6AE70F7}.Release|Win32.Build.0 = Release|Win32
		{51CCBD7E-EB11-44FE-93A9-85E8E8D9FC3C}.Debug Unicode|Win32.ActiveCfg = Debug|Win32
		{51CCBD7E-EB11-44FE-93A9-85E8E8D9FC3C}.Debug Unicode|Win32.Build.0 = Debug|Win32
		{51CCBD7E-EB11-44FE-93A9-85E8E8D9FC3C}.Debug|Win32.ActiveCfg = Debug|Win32
		{51CCBD7E-EB11-44FE-93A9-85E8E8D9FC3C}.Debug|Win32.Build.0 = Debug|Win32
		{51CCBD7E-EB11-44FE-93A9-85E8E8D9FC3C}.Release Unicode|Win32.ActiveCfg = Release|Win32
		{51CCBD7E-EB11-44FE-93A9-85E8E8D9FC3C}.Release Unicode|Win32.Build.0 = Release|Win32
		{51CCBD7E-EB11-44FE-93A9-85E8E8D9FC3C}.Release|Win32.ActiveCfg = Release|Win32
		{51CCBD7E-EB11-44FE-93A9-85E8E8D9FC3C}.Release|Win32.Build.0 = Release|Win32
		{6EBC9C0C-250E-42E2-89D5-24F973187B33}.Debug Unicode|Win32.ActiveCfg = Debug|Win32
		{6EBC9C0C-250E-42E2-89D5-24F973187B33}.Debug Unicode|Win32.Build.0 = Debug|Win32
		{6EBC9C0C-250E-42E2-89D5-24F973187B33}.Debug|Win32.ActiveCfg = Debug|Win32
		{6EBC9C0C-250E-42E2-89D5-24F973187B33}.Debug|Win32.Build.0 = Debug|Win32
		{6EBC9C0C-250E-42E2-89D5-24F973187B33}.Release Unicode|Win32.ActiveCfg = Release|Win32
		{6EBC9C0C-250E-42E2-89D5-24F973187B33}.Release Unicode|Win32.Build.0 = Release|Win32
		{6EBC9C0C-250E-42E2-89D5-24F973187B33}.Release|Win32.ActiveCfg = Release|Win32
		{6EBC9C0C-250E-42E2-89D5-24F973187B33}.Release|Win32.Build.0 = Release|Win32
		{67BF53D0-7E5A-42A7-B921-17ECF6164CBD}.Debug Unicode|Win32.ActiveCfg = Debug|Win32
		{67BF53D0-7E5A-42A7-B921-17ECF6164CBD}.Debug Unicode|Win32.Build.0 = Debug|Win32
		{67BF53D0-7E5A-42A7-B921-17ECF6164CBD}.Debug|Win32.ActiveCfg = Debug|Win32
		{67BF53D0-7E5A-42A7-B921-17ECF6164CBD}.Debug|Win32.Build.0 = Debug|Win32
		{67BF53D0-7E5A-42A7-B921-17ECF6164CBD}.Release Unicode|Win32.ActiveCfg = Release|Win32
		{67BF53D0-7E5A-42A7-B921-17ECF6164CBD}.Release Unicode|Win32.Build.0 = Release|Win32
		{67BF53D0-7E5A-42A7-B921-17ECF6164CBD}.Release|Win32.ActiveCfg = Release|Win32
		{67BF53D0-7E5A-42A7-B921-17ECF6164CBD}.Release|Win32.Build.0 = Release|Win32
		{B75BBCC1-9D8A-40B8-9313-C63CF098846E}.Debug Unicode|Win32.ActiveCfg = Debug|Win32
		{B75BBCC1-9D8A-40B8-9313-C63CF098846E}.Debug Unicode|Win32.Build.0 = Debug|Win32
		{B75BBCC1-9D8A-40B8-9313-C63CF098846E}.Debug|Win32.ActiveCfg = Debug|Win32
		{B75BBCC1-9D8A-40B8-9313-C63CF098846E}.Debug|Win32.Build.0 = Debug|Win32
		{B75BBCC1-9D8A-40B8-9313-C63CF098846E}.Release Unicode|Win32.ActiveCfg = Release|Win32
		{B75BBCC1-9D8A-40B8-9313-C63CF098846E}.Release Unicode|Win32.Build.0 = Release|Win32
		{B75BBCC1-9D8A-40B8-9313-C63CF098846E}.Release|Win32.ActiveCfg = Release|Win32
		{B75BBCC1-9D8A-40B8-9313-C63CF098846E}.Release|Win32.Build.0 = Release|Win32
		{BD2415B9-A086-48CE-95B1-CFCA772ED814}.Debug Unicode|Win32.ActiveCfg = Debug|Win32
		{BD2415B9-A086-48CE-95B1-CFCA772ED814}.Debug Unicode|Win32.Build.0 = Debug|Win32
		{BD2415B9-A086-48CE-95B1-CFCA772ED814}.Debug|Win32.ActiveCfg = Debug|Win32
		{BD2415B9-A086-48CE-95B1-CFCA772ED814}.Debug|Win32.Build.0 = Debug|Win32
		{BD2415B9-A086-48CE-95B1-CFCA772ED814}.Release Unicode|Win32.ActiveCfg = Release|Win32
		{BD2415B9-A086-48CE-95B1-CFCA772ED814}.Release Unicode|Win32.Build.0 = Release|Win32
		{BD2415B9-A086-48CE-95B1-CFCA772ED814}.Release|Win32.ActiveCfg = Release|Win32
		{BD2415B9-A086-48CE-95B1-CFCA772ED814}.Release|Win32.Build.0 = Release|Win32
		{BE08F03D-6E90-42BA-B078-E35274821897}.Debug Unicode|Win32.ActiveCfg = Debug|Win32
		{BE08F03D-6E90-42BA-B078-E35274821897}.Debug Unicode|Win32.Build.0 = Debug|Win32
		{BE08F03D-6E90-42BA-B078-E35274821897}.Debug|Win32.ActiveCfg = Debug|Win32
		{BE08F03D-6E90-42BA-B078-E35274821897}.Debug|Win32.Build.0 = Debug|Win32
		{BE08F03D-6E90-42BA-B078-E35274821897}.Release Unicode|Win32.ActiveCfg = Release|Win32
		{BE08F03D-6E90-42BA-B078-E35274821897}.Release Unicode|Win32.Build.0 = Release|Win32
		{BE08F03D-6E90-42BA-B078-E35274821897}.Release|Win32.ActiveCfg = Release|Win32
		{BE08F03D-6E90-42BA-B078-E35274821897}.Release|Win32.Build.0 = Release|Win32
		{CD5E9B9C-502F-43EE-BD89-B3BF26376972}.Debug Unicode|Win32.ActiveCfg = Debug|Win32
		{CD5E9B9C-502F-43EE-BD89-B3BF26376972}.Debug Unicode|Win32.Build.0 = Debug|Win32
		{CD5E9B9C-502F-43EE-BD89-B3BF26376972}.Debug|Win32.ActiveCfg = Debug|Win32
		{CD5E9B9C-502F-43EE-BD89-B3BF26376972}.Debug|Win32.Build.0 = Debug|Win32
		{CD5E9B9C-502F-43EE-BD89-B3BF26376972}.Release Unicode|Win32.ActiveCfg = Release|Win32
		{CD5E9B9C-502F-43EE-BD89-B3BF26376972}.Release Unicode|Win32.Build.0 = Release|Win32
		{CD5E9B9C-502F-43EE-BD89-B3BF26376972}.Release|Win32.ActiveCfg = Release|Win32
		{CD5E9B9C-502F-43EE-BD89-B3BF26376972}.Release|Win32.Build.0 = Release|Win32
		{7F914DC8-E046-4CEF-AF28-C3AB6E8F1F06}.Debug Unicode|Win32.ActiveCfg = Debug|Win32
		{7F914DC8-E046-4CEF-AF28-C3AB6E8F1F06}.Debug Unicode|Win32.Build.0 = Debug|Win32
		{7F914DC8-E046-4CEF-AF28-C3AB6E8F1F06}.Debug|Win32.ActiveCfg = Debug|Win32
		{7F914DC8-E046-4CEF-AF28-C3AB6E8F1F06}.Debug|Win32.Build.0 = Debug|Win32
		{7F914DC8-E046-4CEF-AF28-C3AB6E8F1F06}.Release Unicode|Win32.ActiveCfg = Release|Win32
		{7F914DC8-E046-4CEF-AF28-C3AB6E8F1F06}.Release Unicode|Win32.Build.0 = Release|Win32
		{7F914DC8-E046-4CEF-AF28-C3AB6E8F1F06}.Release|Win32.ActiveCfg = Release|Win32
		{7F914DC8-E046-4CEF-AF28-C3AB6E8F1F06}.Release|Win32.Build.0 = Release|Win32
		{85BF7EBA-029F-44D5-A6C7-9AF44647B71F}.Debug Unicode|Win32.ActiveCfg = Debug|Win32
		{85BF7EBA-029F-44D5-A6C7-9AF44647B71F}.Debug Unicode|Win32.Build.0 = Debug|Win32
		{85BF7EBA-029F-44D5-A6C7-9AF44647B71F}.Debug|Win32.ActiveCfg = Debug|Win32
		{85BF7EBA-029F-44D5-A6C7-9AF44647B71F}.Debug|Win32.Build.0 = Debug|Win32
		{85BF7EBA-029F-44D5-A6C7-9AF44647B71F}.Release Unicode|Win32.ActiveCfg = Release|Win32
		{85BF7EBA-029F-44D5-A6C7-9AF44647B71F}.Release Unicode|Win32.Build.0 = Release|Win32
		{85BF7EBA-029F-44D5-A6C7-9AF44647B71F}.Release|Win32.ActiveCfg = Release|Win32
		{85BF7EBA-029F-44D5-A6C7-9AF44647B71F}.Release|Win32.Build.0 = Release|Win32
		{2B241B49-6DB9-47AB-AD84-80BAC7E00123}.Debug Unicode|Win32.ActiveCfg = Debug|Win32
		{2B241B49-6DB9-47AB-AD84-80BAC7E00123}.Debug Unicode|Win32.Build.0 = Debug|Win32
		{2B241B49-6DB9-47AB-AD84-80BAC7E00123}.Debug|Win32.ActiveCfg = Debug|Win32
		{2B241B49-6DB9-47AB-AD84-80BAC7E00123}.Debug|Win32.Build.0 = Debug|Win32
		{2B241B49-6DB9-47AB-AD84-80BAC7E00123}.Release Unicode|Win32.ActiveCfg = Release|Win32
		{2B241B49-6DB9-47AB-AD84-80BAC7E00123}.Release Unicode|Win32.Build.0 = Release|Win32
		{2B241B49-6DB9-47AB-AD84-80BAC7E00123}.Release|Win32.ActiveCfg = Release|Win32
		{2B241B49-6DB9-47AB-AD84-80BAC7E00123}.Release|Win32.Build.0 = Release|Win32
		{6B7AD6C2-2636-483D-AEBE-0C84171A09DE}.Debug Unicode|Win32.ActiveCfg = Debug|Win32
		{6B7AD6C2-2636-483D-AEBE-0C84171A09DE}.Debug Unicode|Win32.Build.0 = Debug|Win32
		{6B7AD6C2-2636-483D-AEBE-0C84171A09DE}.Debug|Win32.ActiveCfg = Debug|Win32
		{6B7AD6C2-2636-483D-AEBE-0C84171A09DE}.Debug|Win32.Build.0 = Debug|Win32
		{6B7AD6C2-2636-483D-AEBE-0C84171A09DE}.Release Unicode|Win32.ActiveCfg = Release|Win32
		{6B7AD6C2-2636-483D-AEBE-0C84171A09DE}.Release Unicode|Win32.Build.0 = Release|Win32
		{6B7AD6C2-2636-483D-AEBE-0C84171A09DE}.Release|Win32.ActiveCfg = Release|Win32
		{6B7AD6C2-2636-483D-AEBE-0C84171A09DE}.Release|Win32.Build.0 = Release|Win32
		{0D3C14B8-C35A-445E-B89F-F271D4C7241E}.Debug Unicode|Win32.ActiveCfg = Debug|Win32
		{0D3C14B8-C35A-445E-B89F-F271D4C7241E}.Debug Unicode|Win32.Build.0 = Debug|Win32
		{0D3C14B8-C35A-445E-B89F-F271D4C7241E}.Debug|Win32.ActiveCfg = Debug|Win32
		{0D3C14B8-C35A-445E-B89F-F271D4C7241E}.Debug|Win32.Build.0 = Debug|Win32
		{0D3C14B8-C35A-445E-B89F-F271D4C7241E}.Release Unicode|Win32.ActiveCfg = Release|Win32
		{0D3C14B8-C35A-445E-B89F-F271D4C7241E}.Release Unicode|Win32.Build.0 = Release|Win32
		{0D3C14B8-C35A-445E-B89F-F271D4C7241E}.Release|Win32.ActiveCfg = Release|Win32
		{0D3C14B8-C35A-445E-B89F-F271D4C7241E}.Release|Win32.Build.0 = Release|Win32
		{714F47AD-8BB7-47E5-A23C-B972FC565D23}.Debug Unicode|Win32.ActiveCfg = Debug|Win32
		{714F47AD-8BB7-47E5-A23C-B972FC565D23}.Debug Unicode|Win32.Build.0 = Debug|Win32
		{714F47AD-8BB7-47E5-A23C-B972FC565D23}.Debug|Win32.ActiveCfg = Debug|Win32
		{714F47AD-8BB7-47E5-A23C-B972FC565D23}.Debug|Win32.Build.0 = Debug|Win32
		{714F47AD-8BB7-47E5-A23C-B972FC565D23}.Release Unicode|Win32.ActiveCfg = Release|Win32
		{714F47AD-8BB7-47E5-A23C-B972FC565D23}.Release Unicode|Win32.Build.0 = Release|Win32
		{714F47AD-8BB7-47E5-A23C-B972FC565D23}.Release|Win32.ActiveCfg = Release|Win32
		{714F47AD-8BB7-47E5-A23C-B972FC565D23}.Release|Win32.Build.0 = Release|Win32
		{FC9AB237-415D-44A5-9D60-9185B4231161}.Debug Unicode|Win32.ActiveCfg = Debug|Win32
		{FC9AB237-415D-44A5-9D60-9185B4231161}.Debug Unicode|Win32.Build.0 = Debug|Win32
		{FC9AB237-415D-44A5-9D60-9185B4231161}.Debug|Win32.ActiveCfg = Debug|Win32
		{FC9AB237-415D-44A5-9D60-9185B4231161}.Debug|Win32.Build.0 = Debug|Win32
		{FC9AB237-415D-44A5-9D60-9185B4231161}.Release Unicode|Win32.ActiveCfg = Release|Win32
		{FC9AB237-415D-44A5-9D60-9185B4231161}.Release Unicode|Win32.Build.0 = Release|Win32
		{FC9AB237-415D-44A5-9D60-9185B4231161}.Release|Win32.ActiveCfg = Release|Win32
		{FC9AB237-415D-44A5-9D60-9185B4231161}.Release|Win32.Build.0 = Release|Win32
		{66A264E3-07C8-4B27-A7A8-1EF40ED945F2}.Debug Unicode|Win32.ActiveCfg = Debug|Win32
		{66A264E3-07C8-4B27-A7A8-1EF40ED945F2}.Debug Unicode|Win32.Build.0 = Debug|Win32
		{66A264E3-07C8-4B27-A7A8-1EF40ED945F2}.Debug|Win32.ActiveCfg = Debug|Win32
		{66A264E3-07C8-4B27-A7A8-1EF40ED945F2}.Debug|Win32.Build.0 = Debug|Win32
		{66A264E3-07C8-4B27-A7A8-1EF40ED945F2}.Release Unicode|Win32.ActiveCfg = Release|Win32
		{66A264E3-07C8-4B27-A7A8-1EF40ED945F2}.Release Unicode|Win32.Build.0 = Release|Win32
		{66A264E3-07C8-4B27-A7A8-1EF40ED945F2}.Release|Win32.ActiveCfg = Release|Win32
		{66A264E3-07C8-4B27-A7A8-1EF40ED945F2}.Release|Win32.Build.0 = Release|Win32
		{3D39B00C-6355-491C-B0C3-BBF261BCEBE5}.Debug Unicode|Win32.ActiveCfg = Debug|Win32
		{3D39B00C-6355-491C-B0C3-BBF261BCEBE5}.Debug Unicode|Win32.Build.0 = Debug|Win32
		{3D39B00C-6355-491C-B0C3-BBF261BCEBE5}.Debug|Win32.ActiveCfg = Debug|Win32
		{3D39B00C-6355-491C-B0C3-BBF261BCEBE5}.Debug|Win32.Build.0 = Debug|Win32
		{3D39B00C-6355-491C-B0C3-BBF261BCEBE5}.Release Unicode|Win32.ActiveCfg = Release|Win32
		{3D39B00C-6355-491C-B0C3-BBF261BCEBE5}.Release Unicode|Win32.Build.0 = Release|Win32
		{3D39B00C-6355-491C-B0C3-BBF261BCEBE5}.Release|Win32.ActiveCfg = Release|Win32
		{3D39B00C-6355-491C-B0C3-BBF261BCEBE5}.Release|Win32.Build.0 = Release|Win32
		{DFE35482-F028-41D0-AFD2-9C69E1C83FAE}.Debug Unicode|Win32.ActiveCfg = Debug|Win32
		{DFE35482-F028-41D0-AFD2-9C69E1C83FAE}.Debug Unicode|Win32.Build.0 = Debug|Win32
		{DFE35482-F028-41D0-AFD2-9C69E1C83FAE}.Debug|Win32.ActiveCfg = Debug|Win32
		{DFE35482-F028-41D0-AFD2-9C69E1C83FAE}.Debug|Win32.Build.0 = Debug|Win32
		{DFE35482-F028-41D0-AFD2-9C69E1C83FAE}.Release Unicode|Win32.ActiveCfg = Release|Win32
		{DFE35482-F028-41D0-AFD2-9C69E1C83FAE}.Release Unicode|Win32.Build.0 = Release|Win32
		{DFE35482-F028-41D0-AFD2-9C69E1C83FAE}.Release|Win32.ActiveCfg = Release|Win32
		{DFE35482-F028-41D0-AFD2-9C69E1C83FAE}.Release|Win32.Build.0 = Release|Win32
		{FB68237D-5916-495A-85C4-CDF4A50AB621}.Debug Unicode|Win32.ActiveCfg = Debug|Win32
		{FB68237D-5916-495A-85C4-CDF4A50AB621}.Debug Unicode|Win32.Build.0 = Debug|Win32
		{FB68237D-5916-495A-85C4-CDF4A50AB621}.Debug|Win32.ActiveCfg = Debug|Win32
		{FB68237D-5916-495A-85C4-CDF4A50AB621}.Debug|Win32.Build.0 = Debug|Win32
		{FB68237D-5916-495A-85C4-CDF4A50AB621}.Release Unicode|Win32.ActiveCfg = Release|Win32
		{FB68237D-5916-495A-85C4-CDF4A50AB621}.Release Unicode|Win32.Build.0 = Release|Win32
		{FB68237D-5916-495A-85C4-CDF4A50AB621}.Release|Win32.ActiveCfg = Release|Win32
		{FB68237D-5916-495A-85C4-CDF4A50AB621}.Release|Win32.Build.0 = Release|Win32
		{9BD9AFFE-B552-4A64-A3A0-194F25310275}.Debug Unicode|Win32.ActiveCfg = Debug|Win32
		{9BD9AFFE-B552-4A64-A3A0-194F25310275}.Debug Unicode|Win32.Build.0 = Debug|Win32
		{9BD9AFFE-B552-4A64-A3A0-194F25310275}.Debug|Win32.ActiveCfg = Debug|Win32
		{9BD9AFFE-B552-4A64-A3A0-194F25310275}.Debug|Win32.Build.0 = Debug|Win32
		{9BD9AFFE-B552-4A64-A3A0-194F25310275}.Release Unicode|Win32.ActiveCfg = Release|Win32
		{9BD9AFFE-B552-4A64-A3A0-194F25310275}.Release Unicode|Win32.Build.0 = Release|Win32
		{9BD9AFFE-B552-4A64-A3A0-194F25310275}.Release|Win32.ActiveCfg = Release|Win32
		{9BD9AFFE-B552-4A64-A3A0-194F25310275}.Release|Win32.Build.0 = Release|Win32
		{E0E4FE9F-085F-40A9-B191-8D945669A6A4}.Debug Unicode|Win32.ActiveCfg = Debug|Win32
		{E0E4FE9F-085F-40A9-B191-8D945669A6A4}.Debug Unicode|Win32.Build.0 = Debug|Win32
		{E0E4FE9F-085F-40A9-B191-8D945669A6A4}.Debug|Win32.ActiveCfg = Debug|Win32
		{E0E4FE9F-085F-40A9-B191-8D945669A6A4}.Debug|Win32.Build.0 = Debug|Win32
		{E0E4FE9F-085F-40A9-B191-8D945669A6A4}.Release Unicode|Win32.ActiveCfg = Release|Win32
		{E0E4FE9F-085F-40A9-B191-8D945669A6A4}.Release Unicode|Win32.Build.0 = Release|Win32
		{E0E4FE9F-085F-40A9-B191-8D945669A6A4}.Release|Win32.ActiveCfg = Release|Win32
		{E0E4FE9F-085F-40A9-B191-8D945669A6A4}.Release|Win32.Build.0 = Release|Win32
		{35AD5177-1BD3-487B-B89C-1BCCF14D1C62}.Debug Unicode|Win32.ActiveCfg = Debug|Win32
		{35AD5177-1BD3-487B-B89C-1BCCF14D1C62}.Debug Unicode|Win32.Build.0 = Debug|Win32
		{35AD5177-1BD3-487B-B89C-1BCCF14D1C62}.Debug|Win32.ActiveCfg = Debug|Win32
		{35AD5177-1BD3-487B-B89C-1BCCF14D1C62}.Debug|Win32.Build.0 = Debug|Win32
		{35AD5177-1BD3-487B-B89C-1BCCF14D1C62}.Release Unicode|Win32.ActiveCfg = Release|Win32
		{35AD5177-1BD3-487B-B89C-1BCCF14D1C62}.Release Unicode|Win32.Build.0 = Release|Win32
		{35AD5177-1BD3-487B-B89C-1BCCF14D1C62}.Release|Win32.ActiveCfg = Release|Win32
		{35AD5177-1BD3-487B-B89C-1BCCF14D1C62}.Release|Win32.Build.0 = Release|Win32
		{8C2B8FCF-E15E-408D-B4EC-918388D828D2}.Debug Unicode|Win32.ActiveCfg = Debug|Win32
		{8C2B8FCF-E15E-408D-B4EC-918388D828D2}.Debug Unicode|Win32.Build.0 = Debug|Win32
		{8C2B8FCF-E15E-408D-B4EC-918388D828D2}.Debug|Win32.ActiveCfg = Debug|Win32
		{8C2B8FCF-E15E-408D-B4EC-918388D828D2}.Debug|Win32.Build.0 = Debug|Win32
		{8C2B8FCF-E15E-408D-B4EC-918388D828D2}.Release Unicode|Win32.ActiveCfg = Release|Win32
		{8C2B8FCF-E15E-408D-B4EC-918388D828D2}.Release Unicode|Win32.Build.0 = Release|Win32
		{8C2B8FCF-E15E-408D-B4EC-918388D828D2}.Release|Win32.ActiveCfg = Release|Win32
		{8C2B8FCF-E15E-408D-B4EC-918388D828D2}.Release|Win32.Build.0 = Release|Win32
		{E1123C52-5124-48A6-B654-F0D94E8D9B3A}.Debug Unicode|Win32.ActiveCfg = Debug Unicode|Win32
		{E1123C52-5124-48A6-B654-F0D94E8D9B3A}.Debug Unicode|Win32.Build.0 = Debug Unicode|Win32
		{E1123C52-5124-48A6-B654-F0D94E8D9B3A}.Debug|Win32.ActiveCfg = Debug|Win32
		{E1123C52-5124-48A6-B654-F0D94E8D9B3A}.Debug|Win32.Build.0 = Debug|Win32
		{E1123C52-5124-48A6-B654-F0D94E8D9B3A}.Release Unicode|Win32.ActiveCfg = Release Unicode|Win32
		{E1123C52-5124-48A6-B654-F0D94E8D9B3A}.Release Unicode|Win32.Build.0 = Release Unicode|Win32
		{E1123C52-5124-48A6-B654-F0D94E8D9B3A}.Release|Win32.ActiveCfg = Release|Win32
		{E1123C52-5124-48A6-B654-F0D94E8D9B3A}.Release|Win32.Build.0 = Release|Win32
		{C235AB3F-9EA7-442E-A0DD-BD3A670C68C8}.Debug Unicode|Win32.ActiveCfg = Debug|Win32
		{C235AB3F-9EA7-442E-A0DD-BD3A670C68C8}.Debug Unicode|Win32.Build.0 = Debug|Win32
		{C235AB3F-9EA7-442E-A0DD-BD3A670C68C8}.Debug|Win32.ActiveCfg = Debug|Win32
		{C235AB3F-9EA7-442E-A0DD-BD3A670C68C8}.Debug|Win32.Build.0 = Debug|Win32
		{C235AB3F-9EA7-442E-A0DD-BD3A670C68C8}.Release Unicode|Win32.ActiveCfg = Release|Win32
		{C235AB3F-9EA7-442E-A0DD-BD3A670C68C8}.Release Unicode|Win32.Build.0 = Release|Win32
		{C235AB3F-9EA7-442E-A0DD-BD3A670C68C8}.Release|Win32.ActiveCfg = Release|Win32
		{C235AB3F-9EA7-442E-A0DD-BD3A670C68C8}.Release|Win32.Build.0 = Release|Win32
		{A65126BA-4736-48AD-862F-6326D566859E}.Debug Unicode|Win32.ActiveCfg = Debug|Win32
		{A65126BA-4736-48AD-862F-6326D566859E}.Debug Unicode|Win32.Build.0 = Debug|Win32
		{A65126BA-4736-48AD-862F-6326D566859E}.Debug|Win32.ActiveCfg = Debug|Win32
		{A65126BA-4736-48AD-862F-6326D566859E}.Debug|Win32.Build.0 = Debug|Win32
		{A65126BA-4736-48AD-862F-6326D566859E}.Release Unicode|Win32.ActiveCfg = Release|Win32
		{A65126BA-4736-48AD-862F-6326D566859E}.Release Unicode|Win32.Build.0 = Release|Win32
		{A65126BA-4736-48AD-862F-6326D566859E}.Release|Win32.ActiveCfg = Release|Win32
		{A65126BA-4736-48AD-862F-6326D566859E}.Release|Win32.Build.0 = Release|Win32
		{D55EFAFD-C366-43FA-BCDC-0CCCE2DF04C8}.Debug Unicode|Win32.ActiveCfg = Debug|Win32
		{D55EFAFD-C366-43FA-BCDC-0CCCE2DF04C8}.Debug Unicode|Win32.Build.0 = Debug|Win32
		{D55EFAFD-C366-43FA-BCDC-0CCCE2DF04C8}.Debug|Win32.ActiveCfg = Debug|Win32
		{D55EFAFD-C366-43FA-BCDC-0CCCE2DF04C8}.Debug|Win32.Build.0 = Debug|Win32
		{D55EFAFD-C366-43FA-BCDC-0CCCE2DF04C8}.Release Unicode|Win32.ActiveCfg = Release|Win32
		{D55EFAFD-C366-43FA-BCDC-0CCCE2DF04C8}.Release Unicode|Win32.Build.0 = Release|Win32
		{D55EFAFD-C366-43FA-BCDC-0CCCE2DF04C8}.Release|Win32.ActiveCfg = Release|Win32
		{D55EFAFD-C366-43FA-BCDC-0CCCE2DF04C8}.Release|Win32.Build.0 = Release|Win32
	EndGlobalSection
	GlobalSection(SolutionProperties) = preSolution
		HideSolutionNode = FALSE
	EndGlobalSection
EndGlobal
